
Microsoft Visual Studio Solution File, Format Version 12.00
# Visual Studio Version 17
VisualStudioVersion = 17.0.32112.339
MinimumVisualStudioVersion = 10.0.40219.1
Project("{FAE04EC0-301F-11D3-BF4B-00C04F79EFBC}") = "Task3", "TrueFalseEditor\Task3.csproj", "{C190AF47-2117-4C6B-98A3-A9A97B0E5F27}"
EndProject
Project("{FAE04EC0-301F-11D3-BF4B-00C04F79EFBC}") = "Task1", "Task1\Task1.csproj", "{4658A936-1A78-47A3-B2F4-ECA60E279210}"
EndProject
Project("{FAE04EC0-301F-11D3-BF4B-00C04F79EFBC}") = "Task2", "Task2\Task2.csproj", "{CC60EC78-0C5A-4E62-952F-900EEAF8A44F}"
EndProject
Global
	GlobalSection(SolutionConfigurationPlatforms) = preSolution
		Debug|Any CPU = Debug|Any CPU
		Release|Any CPU = Release|Any CPU
	EndGlobalSection
	GlobalSection(ProjectConfigurationPlatforms) = postSolution
		{C190AF47-2117-4C6B-98A3-A9A97B0E5F27}.Debug|Any CPU.ActiveCfg = Debug|Any CPU
		{C190AF47-2117-4C6B-98A3-A9A97B0E5F27}.Debug|Any CPU.Build.0 = Debug|Any CPU
		{C190AF47-2117-4C6B-98A3-A9A97B0E5F27}.Release|Any CPU.ActiveCfg = Release|Any CPU
		{C190AF47-2117-4C6B-98A3-A9A97B0E5F27}.Release|Any CPU.Build.0 = Release|Any CPU
		{4658A936-1A78-47A3-B2F4-ECA60E279210}.Debug|Any CPU.ActiveCfg = Debug|Any CPU
		{4658A936-1A78-47A3-B2F4-ECA60E279210}.Debug|Any CPU.Build.0 = Debug|Any CPU
		{4658A936-1A78-47A3-B2F4-ECA60E279210}.Release|Any CPU.ActiveCfg = Release|Any CPU
		{4658A936-1A78-47A3-B2F4-ECA60E279210}.Release|Any CPU.Build.0 = Release|Any CPU
		{CC60EC78-0C5A-4E62-952F-900EEAF8A44F}.Debug|Any CPU.ActiveCfg = Debug|Any CPU
		{CC60EC78-0C5A-4E62-952F-900EEAF8A44F}.Debug|Any CPU.Build.0 = Debug|Any CPU
		{CC60EC78-0C5A-4E62-952F-900EEAF8A44F}.Release|Any CPU.ActiveCfg = Release|Any CPU
		{CC60EC78-0C5A-4E62-952F-900EEAF8A44F}.Release|Any CPU.Build.0 = Release|Any CPU
	EndGlobalSection
	GlobalSection(SolutionProperties) = preSolution
		HideSolutionNode = FALSE
	EndGlobalSection
	GlobalSection(ExtensibilityGlobals) = postSolution
		SolutionGuid = {2F764BFE-08C2-40B2-8845-0B8A7188EBA6}
	EndGlobalSection
EndGlobal
